
Microsoft Visual Studio Solution File, Format Version 12.00
# Visual Studio Version 16
VisualStudioVersion = 16.0.30804.86
MinimumVisualStudioVersion = 10.0.40219.1
Project("{FAE04EC0-301F-11D3-BF4B-00C04F79EFBC}") = "ExDelegate", "ExDelegate\ExDelegate.csproj", "{524FFEFA-75BB-4B87-915A-9249C989A4C3}"
EndProject
Global
	GlobalSection(SolutionConfigurationPlatforms) = preSolution
		Debug|Any CPU = Debug|Any CPU
		Release|Any CPU = Release|Any CPU
	EndGlobalSection
	GlobalSection(ProjectConfigurationPlatforms) = postSolution
		{524FFEFA-75BB-4B87-915A-9249C989A4C3}.Debug|Any CPU.ActiveCfg = Debug|Any CPU
		{524FFEFA-75BB-4B87-915A-9249C989A4C3}.Debug|Any CPU.Build.0 = Debug|Any CPU
		{524FFEFA-75BB-4B87-915A-9249C989A4C3}.Release|Any CPU.ActiveCfg = Release|Any CPU
		{524FFEFA-75BB-4B87-915A-9249C989A4C3}.Release|Any CPU.Build.0 = Release|Any CPU
	EndGlobalSection
	GlobalSection(SolutionProperties) = preSolution
		HideSolutionNode = FALSE
	EndGlobalSection
	GlobalSection(ExtensibilityGlobals) = postSolution
		SolutionGuid = {C85765C9-B736-4775-AEFD-C3709F2A0C2C}
	EndGlobalSection
EndGlobal
