
Microsoft Visual Studio Solution File, Format Version 12.00
# Visual Studio Version 16
VisualStudioVersion = 16.0.30804.86
MinimumVisualStudioVersion = 10.0.40219.1
Project("{FAE04EC0-301F-11D3-BF4B-00C04F79EFBC}") = "HashSetSortedSet", "HashSetSortedSet\HashSetSortedSet.csproj", "{2680C7B4-AF92-4470-AC72-2F20968A50C7}"
EndProject
Global
	GlobalSection(SolutionConfigurationPlatforms) = preSolution
		Debug|Any CPU = Debug|Any CPU
		Release|Any CPU = Release|Any CPU
	EndGlobalSection
	GlobalSection(ProjectConfigurationPlatforms) = postSolution
		{2680C7B4-AF92-4470-AC72-2F20968A50C7}.Debug|Any CPU.ActiveCfg = Debug|Any CPU
		{2680C7B4-AF92-4470-AC72-2F20968A50C7}.Debug|Any CPU.Build.0 = Debug|Any CPU
		{2680C7B4-AF92-4470-AC72-2F20968A50C7}.Release|Any CPU.ActiveCfg = Release|Any CPU
		{2680C7B4-AF92-4470-AC72-2F20968A50C7}.Release|Any CPU.Build.0 = Release|Any CPU
	EndGlobalSection
	GlobalSection(SolutionProperties) = preSolution
		HideSolutionNode = FALSE
	EndGlobalSection
	GlobalSection(ExtensibilityGlobals) = postSolution
		SolutionGuid = {C95C6C2F-EB77-4FB1-9823-E95D6845179E}
	EndGlobalSection
EndGlobal
